// !$*UTF8*$!
{
	archiveVersion = 1;
	classes = {
	};
	objectVersion = 50;
	objects = {

/* Begin PBXBuildFile section */
		57E2D83A27157DA300DE8570 /* AppDelegate.swift in Sources */ = {isa = PBXBuildFile; fileRef = 57E2D83927157DA300DE8570 /* AppDelegate.swift */; };
		57E2D83C27157DA300DE8570 /* SceneDelegate.swift in Sources */ = {isa = PBXBuildFile; fileRef = 57E2D83B27157DA300DE8570 /* SceneDelegate.swift */; };
		57E2D83E27157DA300DE8570 /* ViewController.swift in Sources */ = {isa = PBXBuildFile; fileRef = 57E2D83D27157DA300DE8570 /* ViewController.swift */; };
		57E2D84127157DA300DE8570 /* Main.storyboard in Resources */ = {isa = PBXBuildFile; fileRef = 57E2D83F27157DA300DE8570 /* Main.storyboard */; };
		57E2D84327157DA500DE8570 /* Assets.xcassets in Resources */ = {isa = PBXBuildFile; fileRef = 57E2D84227157DA500DE8570 /* Assets.xcassets */; };
		57E2D84627157DA500DE8570 /* LaunchScreen.storyboard in Resources */ = {isa = PBXBuildFile; fileRef = 57E2D84427157DA500DE8570 /* LaunchScreen.storyboard */; };
		57E2D85027157E5200DE8570 /* YLAlternateAnimations.swift in Sources */ = {isa = PBXBuildFile; fileRef = 57E2D84F27157E5200DE8570 /* YLAlternateAnimations.swift */; };
		57E2D8532715808400DE8570 /* YLAnimationDotView.swift in Sources */ = {isa = PBXBuildFile; fileRef = 57E2D8522715808400DE8570 /* YLAnimationDotView.swift */; };
		57E2D855271597DB00DE8570 /* red.png in Resources */ = {isa = PBXBuildFile; fileRef = 57E2D854271597DB00DE8570 /* red.png */; };
/* End PBXBuildFile section */

/* Begin PBXFileReference section */
		57E2D83627157DA300DE8570 /* YLRedEnvelopeAnimation.app */ = {isa = PBXFileReference; explicitFileType = wrapper.application; includeInIndex = 0; path = YLRedEnvelopeAnimation.app; sourceTree = BUILT_PRODUCTS_DIR; };
		57E2D83927157DA300DE8570 /* AppDelegate.swift */ = {isa = PBXFileReference; lastKnownFileType = sourcecode.swift; path = AppDelegate.swift; sourceTree = "<group>"; };
		57E2D83B27157DA300DE8570 /* SceneDelegate.swift */ = {isa = PBXFileReference; lastKnownFileType = sourcecode.swift; path = SceneDelegate.swift; sourceTree = "<group>"; };
		57E2D83D27157DA300DE8570 /* ViewController.swift */ = {isa = PBXFileReference; lastKnownFileType = sourcecode.swift; path = ViewController.swift; sourceTree = "<group>"; };
		57E2D84027157DA300DE8570 /* Base */ = {isa = PBXFileReference; lastKnownFileType = file.storyboard; name = Base; path = Base.lproj/Main.storyboard; sourceTree = "<group>"; };
		57E2D84227157DA500DE8570 /* Assets.xcassets */ = {isa = PBXFileReference; lastKnownFileType = folder.assetcatalog; path = Assets.xcassets; sourceTree = "<group>"; };
		57E2D84527157DA500DE8570 /* Base */ = {isa = PBXFileReference; lastKnownFileType = file.storyboard; name = Base; path = Base.lproj/LaunchScreen.storyboard; sourceTree = "<group>"; };
		57E2D84727157DA500DE8570 /* Info.plist */ = {isa = PBXFileReference; lastKnownFileType = text.plist.xml; path = Info.plist; sourceTree = "<group>"; };
		57E2D84F27157E5200DE8570 /* YLAlternateAnimations.swift */ = {isa = PBXFileReference; lastKnownFileType = sourcecode.swift; path = YLAlternateAnimations.swift; sourceTree = "<group>"; };
		57E2D8522715808400DE8570 /* YLAnimationDotView.swift */ = {isa = PBXFileReference; lastKnownFileType = sourcecode.swift; path = YLAnimationDotView.swift; sourceTree = "<group>"; };
		57E2D854271597DB00DE8570 /* red.png */ = {isa = PBXFileReference; lastKnownFileType = image.png; path = red.png; sourceTree = "<group>"; };
/* End PBXFileReference section */

/* Begin PBXFrameworksBuildPhase section */
		57E2D83327157DA300DE8570 /* Frameworks */ = {
			isa = PBXFrameworksBuildPhase;
			buildActionMask = 2147483647;
			files = (
			);
			runOnlyForDeploymentPostprocessing = 0;
		};
/* End PBXFrameworksBuildPhase section */

/* Begin PBXGroup section */
		57E2D82D27157DA300DE8570 = {
			isa = PBXGroup;
			children = (
				57E2D83827157DA300DE8570 /* YLRedEnvelopeAnimation */,
				57E2D83727157DA300DE8570 /* Products */,
			);
			sourceTree = "<group>";
		};
		57E2D83727157DA300DE8570 /* Products */ = {
			isa = PBXGroup;
			children = (
				57E2D83627157DA300DE8570 /* YLRedEnvelopeAnimation.app */,
			);
			name = Products;
			sourceTree = "<group>";
		};
		57E2D83827157DA300DE8570 /* YLRedEnvelopeAnimation */ = {
			isa = PBXGroup;
			children = (
				57E2D85127157F7900DE8570 /* YLAlternateAnimations */,
				57E2D83927157DA300DE8570 /* AppDelegate.swift */,
				57E2D83B27157DA300DE8570 /* SceneDelegate.swift */,
				57E2D83D27157DA300DE8570 /* ViewController.swift */,
				57E2D83F27157DA300DE8570 /* Main.storyboard */,
				57E2D84227157DA500DE8570 /* Assets.xcassets */,
				57E2D854271597DB00DE8570 /* red.png */,
				57E2D84427157DA500DE8570 /* LaunchScreen.storyboard */,
				57E2D84727157DA500DE8570 /* Info.plist */,
			);
			path = YLRedEnvelopeAnimation;
			sourceTree = "<group>";
		};
		57E2D85127157F7900DE8570 /* YLAlternateAnimations */ = {
			isa = PBXGroup;
			children = (
				57E2D84F27157E5200DE8570 /* YLAlternateAnimations.swift */,
				57E2D8522715808400DE8570 /* YLAnimationDotView.swift */,
			);
			path = YLAlternateAnimations;
			sourceTree = "<group>";
		};
/* End PBXGroup section */

/* Begin PBXNativeTarget section */
		57E2D83527157DA300DE8570 /* YLRedEnvelopeAnimation */ = {
			isa = PBXNativeTarget;
			buildConfigurationList = 57E2D84A27157DA500DE8570 /* Build configuration list for PBXNativeTarget "YLRedEnvelopeAnimation" */;
			buildPhases = (
				57E2D83227157DA300DE8570 /* Sources */,
				57E2D83327157DA300DE8570 /* Frameworks */,
				57E2D83427157DA300DE8570 /* Resources */,
			);
			buildRules = (
			);
			dependencies = (
			);
			name = YLRedEnvelopeAnimation;
			productName = YLRedEnvelopeAnimation;
			productReference = 57E2D83627157DA300DE8570 /* YLRedEnvelopeAnimation.app */;
			productType = "com.apple.product-type.application";
		};
/* End PBXNativeTarget section */

/* Begin PBXProject section */
		57E2D82E27157DA300DE8570 /* Project object */ = {
			isa = PBXProject;
			attributes = {
				LastSwiftUpdateCheck = 1250;
				LastUpgradeCheck = 1250;
				TargetAttributes = {
					57E2D83527157DA300DE8570 = {
						CreatedOnToolsVersion = 12.5.1;
					};
				};
			};
			buildConfigurationList = 57E2D83127157DA300DE8570 /* Build configuration list for PBXProject "YLRedEnvelopeAnimation" */;
			compatibilityVersion = "Xcode 9.3";
			developmentRegion = en;
			hasScannedForEncodings = 0;
			knownRegions = (
				en,
				Base,
			);
			mainGroup = 57E2D82D27157DA300DE8570;
			productRefGroup = 57E2D83727157DA300DE8570 /* Products */;
			projectDirPath = "";
			projectRoot = "";
			targets = (
				57E2D83527157DA300DE8570 /* YLRedEnvelopeAnimation */,
			);
		};
/* End PBXProject section */

/* Begin PBXResourcesBuildPhase section */
		57E2D83427157DA300DE8570 /* Resources */ = {
			isa = PBXResourcesBuildPhase;
			buildActionMask = 2147483647;
			files = (
				57E2D84627157DA500DE8570 /* LaunchScreen.storyboard in Resources */,
				57E2D855271597DB00DE8570 /* red.png in Resources */,
				57E2D84327157DA500DE8570 /* Assets.xcassets in Resources */,
				57E2D84127157DA300DE8570 /* Main.storyboard in Resources */,
			);
			runOnlyForDeploymentPostprocessing = 0;
		};
/* End PBXResourcesBuildPhase section */

/* Begin PBXSourcesBuildPhase section */
		57E2D83227157DA300DE8570 /* Sources */ = {
			isa = PBXSourcesBuildPhase;
			buildActionMask = 2147483647;
			files = (
				57E2D83E27157DA300DE8570 /* ViewController.swift in Sources */,
				57E2D83A27157DA300DE8570 /* AppDelegate.swift in Sources */,
				57E2D8532715808400DE8570 /* YLAnimationDotView.swift in Sources */,
				57E2D85027157E5200DE8570 /* YLAlternateAnimations.swift in Sources */,
				57E2D83C27157DA300DE8570 /* SceneDelegate.swift in Sources */,
			);
			runOnlyForDeploymentPostprocessing = 0;
		};
/* End PBXSourcesBuildPhase section */

/* Begin PBXVariantGroup section */
		57E2D83F27157DA300DE8570 /* Main.storyboard */ = {
			isa = PBXVariantGroup;
			children = (
				57E2D84027157DA300DE8570 /* Base */,
			);
			name = Main.storyboard;
			sourceTree = "<group>";
		};
		57E2D84427157DA500DE8570 /* LaunchScreen.storyboard */ = {
			isa = PBXVariantGroup;
			children = (
				57E2D84527157DA500DE8570 /* Base */,
			);
			name = LaunchScreen.storyboard;
			sourceTree = "<group>";
		};
/* End PBXVariantGroup section */

/* Begin XCBuildConfiguration section */
		57E2D84827157DA500DE8570 /* Debug */ = {
			isa = XCBuildConfiguration;
			buildSettings = {
				ALWAYS_SEARCH_USER_PATHS = NO;
				CLANG_ANALYZER_NONNULL = YES;
				CLANG_ANALYZER_NUMBER_OBJECT_CONVERSION = YES_AGGRESSIVE;
				CLANG_CXX_LANGUAGE_STANDARD = "gnu++14";
				CLANG_CXX_LIBRARY = "libc++";
				CLANG_ENABLE_MODULES = YES;
				CLANG_ENABLE_OBJC_ARC = YES;
				CLANG_ENABLE_OBJC_WEAK = YES;
				CLANG_WARN_BLOCK_CAPTURE_AUTORELEASING = YES;
				CLANG_WARN_BOOL_CONVERSION = YES;
				CLANG_WARN_COMMA = YES;
				CLANG_WARN_CONSTANT_CONVERSION = YES;
				CLANG_WARN_DEPRECATED_OBJC_IMPLEMENTATIONS = YES;
				CLANG_WARN_DIRECT_OBJC_ISA_USAGE = YES_ERROR;
				CLANG_WARN_DOCUMENTATION_COMMENTS = YES;
				CLANG_WARN_EMPTY_BODY = YES;
				CLANG_WARN_ENUM_CONVERSION = YES;
				CLANG_WARN_INFINITE_RECURSION = YES;
				CLANG_WARN_INT_CONVERSION = YES;
				CLANG_WARN_NON_LITERAL_NULL_CONVERSION = YES;
				CLANG_WARN_OBJC_IMPLICIT_RETAIN_SELF = YES;
				CLANG_WARN_OBJC_LITERAL_CONVERSION = YES;
				CLANG_WARN_OBJC_ROOT_CLASS = YES_ERROR;
				CLANG_WARN_QUOTED_INCLUDE_IN_FRAMEWORK_HEADER = YES;
				CLANG_WARN_RANGE_LOOP_ANALYSIS = YES;
				CLANG_WARN_STRICT_PROTOTYPES = YES;
				CLANG_WARN_SUSPICIOUS_MOVE = YES;
				CLANG_WARN_UNGUARDED_AVAILABILITY = YES_AGGRESSIVE;
				CLANG_WARN_UNREACHABLE_CODE = YES;
				CLANG_WARN__DUPLICATE_METHOD_MATCH = YES;
				COPY_PHASE_STRIP = NO;
				DEBUG_INFORMATION_FORMAT = dwarf;
				ENABLE_STRICT_OBJC_MSGSEND = YES;
				ENABLE_TESTABILITY = YES;
				GCC_C_LANGUAGE_STANDARD = gnu11;
				GCC_DYNAMIC_NO_PIC = NO;
				GCC_NO_COMMON_BLOCKS = YES;
				GCC_OPTIMIZATION_LEVEL = 0;
				GCC_PREPROCESSOR_DEFINITIONS = (
					"DEBUG=1",
					"$(inherited)",
				);
				GCC_WARN_64_TO_32_BIT_CONVERSION = YES;
				GCC_WARN_ABOUT_RETURN_TYPE = YES_ERROR;
				GCC_WARN_UNDECLARED_SELECTOR = YES;
				GCC_WARN_UNINITIALIZED_AUTOS = YES_AGGRESSIVE;
				GCC_WARN_UNUSED_FUNCTION = YES;
				GCC_WARN_UNUSED_VARIABLE = YES;
				IPHONEOS_DEPLOYMENT_TARGET = 14.5;
				MTL_ENABLE_DEBUG_INFO = INCLUDE_SOURCE;
				MTL_FAST_MATH = YES;
				ONLY_ACTIVE_ARCH = YES;
				SDKROOT = iphoneos;
				SWIFT_ACTIVE_COMPILATION_CONDITIONS = DEBUG;
				SWIFT_OPTIMIZATION_LEVEL = "-Onone";
			};
			name = Debug;
		};
		57E2D84927157DA500DE8570 /* Release */ = {
			isa = XCBuildConfiguration;
			buildSettings = {
				ALWAYS_SEARCH_USER_PATHS = NO;
				CLANG_ANALYZER_NONNULL = YES;
				CLANG_ANALYZER_NUMBER_OBJECT_CONVERSION = YES_AGGRESSIVE;
				CLANG_CXX_LANGUAGE_STANDARD = "gnu++14";
				CLANG_CXX_LIBRARY = "libc++";
				CLANG_ENABLE_MODULES = YES;
				CLANG_ENABLE_OBJC_ARC = YES;
				CLANG_ENABLE_OBJC_WEAK = YES;
				CLANG_WARN_BLOCK_CAPTURE_AUTORELEASING = YES;
				CLANG_WARN_BOOL_CONVERSION = YES;
				CLANG_WARN_COMMA = YES;
				CLANG_WARN_CONSTANT_CONVERSION = YES;
				CLANG_WARN_DEPRECATED_OBJC_IMPLEMENTATIONS = YES;
				CLANG_WARN_DIRECT_OBJC_ISA_USAGE = YES_ERROR;
				CLANG_WARN_DOCUMENTATION_COMMENTS = YES;
				CLANG_WARN_EMPTY_BODY = YES;
				CLANG_WARN_ENUM_CONVERSION = YES;
				CLANG_WARN_INFINITE_RECURSION = YES;
				CLANG_WARN_INT_CONVERSION = YES;
				CLANG_WARN_NON_LITERAL_NULL_CONVERSION = YES;
				CLANG_WARN_OBJC_IMPLICIT_RETAIN_SELF = YES;
				CLANG_WARN_OBJC_LITERAL_CONVERSION = YES;
				CLANG_WARN_OBJC_ROOT_CLASS = YES_ERROR;
				CLANG_WARN_QUOTED_INCLUDE_IN_FRAMEWORK_HEADER = YES;
				CLANG_WARN_RANGE_LOOP_ANALYSIS = YES;
				CLANG_WARN_STRICT_PROTOTYPES = YES;
				CLANG_WARN_SUSPICIOUS_MOVE = YES;
				CLANG_WARN_UNGUARDED_AVAILABILITY = YES_AGGRESSIVE;
				CLANG_WARN_UNREACHABLE_CODE = YES;
				CLANG_WARN__DUPLICATE_METHOD_MATCH = YES;
				COPY_PHASE_STRIP = NO;
				DEBUG_INFORMATION_FORMAT = "dwarf-with-dsym";
				ENABLE_NS_ASSERTIONS = NO;
				ENABLE_STRICT_OBJC_MSGSEND = YES;
				GCC_C_LANGUAGE_STANDARD = gnu11;
				GCC_NO_COMMON_BLOCKS = YES;
				GCC_WARN_64_TO_32_BIT_CONVERSION = YES;
				GCC_WARN_ABOUT_RETURN_TYPE = YES_ERROR;
				GCC_WARN_UNDECLARED_SELECTOR = YES;
				GCC_WARN_UNINITIALIZED_AUTOS = YES_AGGRESSIVE;
				GCC_WARN_UNUSED_FUNCTION = YES;
				GCC_WARN_UNUSED_VARIABLE = YES;
				IPHONEOS_DEPLOYMENT_TARGET = 14.5;
				MTL_ENABLE_DEBUG_INFO = NO;
				MTL_FAST_MATH = YES;
				SDKROOT = iphoneos;
				SWIFT_COMPILATION_MODE = wholemodule;
				SWIFT_OPTIMIZATION_LEVEL = "-O";
				VALIDATE_PRODUCT = YES;
			};
			name = Release;
		};
		57E2D84B27157DA500DE8570 /* Debug */ = {
			isa = XCBuildConfiguration;
			buildSettings = {
				ASSETCATALOG_COMPILER_APPICON_NAME = AppIcon;
				ASSETCATALOG_COMPILER_GLOBAL_ACCENT_COLOR_NAME = AccentColor;
				CODE_SIGN_STYLE = Automatic;
				DEVELOPMENT_TEAM = FN48ZWF64X;
				INFOPLIST_FILE = YLRedEnvelopeAnimation/Info.plist;
				LD_RUNPATH_SEARCH_PATHS = (
					"$(inherited)",
					"@executable_path/Frameworks",
				);
				PRODUCT_BUNDLE_IDENTIFIER = cn.liangyuan.iosdeveloper.YLRedEnvelopeAnimation;
				PRODUCT_NAME = "$(TARGET_NAME)";
				SWIFT_VERSION = 5.0;
				TARGETED_DEVICE_FAMILY = "1,2";
			};
			name = Debug;
		};
		57E2D84C27157DA500DE8570 /* Release */ = {
			isa = XCBuildConfiguration;
			buildSettings = {
				ASSETCATALOG_COMPILER_APPICON_NAME = AppIcon;
				ASSETCATALOG_COMPILER_GLOBAL_ACCENT_COLOR_NAME = AccentColor;
				CODE_SIGN_STYLE = Automatic;
				DEVELOPMENT_TEAM = FN48ZWF64X;
				INFOPLIST_FILE = YLRedEnvelopeAnimation/Info.plist;
				LD_RUNPATH_SEARCH_PATHS = (
					"$(inherited)",
					"@executable_path/Frameworks",
				);
				PRODUCT_BUNDLE_IDENTIFIER = cn.liangyuan.iosdeveloper.YLRedEnvelopeAnimation;
				PRODUCT_NAME = "$(TARGET_NAME)";
				SWIFT_VERSION = 5.0;
				TARGETED_DEVICE_FAMILY = "1,2";
			};
			name = Release;
		};
/* End XCBuildConfiguration section */

/* Begin XCConfigurationList section */
		57E2D83127157DA300DE8570 /* Build configuration list for PBXProject "YLRedEnvelopeAnimation" */ = {
			isa = XCConfigurationList;
			buildConfigurations = (
				57E2D84827157DA500DE8570 /* Debug */,
				57E2D84927157DA500DE8570 /* Release */,
			);
			defaultConfigurationIsVisible = 0;
			defaultConfigurationName = Release;
		};
		57E2D84A27157DA500DE8570 /* Build configuration list for PBXNativeTarget "YLRedEnvelopeAnimation" */ = {
			isa = XCConfigurationList;
			buildConfigurations = (
				57E2D84B27157DA500DE8570 /* Debug */,
				57E2D84C27157DA500DE8570 /* Release */,
			);
			defaultConfigurationIsVisible = 0;
			defaultConfigurationName = Release;
		};
/* End XCConfigurationList section */
	};
	rootObject = 57E2D82E27157DA300DE8570 /* Project object */;
}
